// !$*UTF8*$!
{
	archiveVersion = 1;
	classes = {
	};
	objectVersion = 46;
	objects = {

/* Begin PBXBuildFile section */
		DCDD8C0818607CC70071FCDA /* Foundation.framework in Frameworks */ = {isa = PBXBuildFile; fileRef = DCDD8C0718607CC70071FCDA /* Foundation.framework */; };
		DCDD8C0A18607CC70071FCDA /* CoreGraphics.framework in Frameworks */ = {isa = PBXBuildFile; fileRef = DCDD8C0918607CC70071FCDA /* CoreGraphics.framework */; };
		DCDD8C0C18607CC70071FCDA /* UIKit.framework in Frameworks */ = {isa = PBXBuildFile; fileRef = DCDD8C0B18607CC70071FCDA /* UIKit.framework */; };
		DCDD8C1218607CC70071FCDA /* InfoPlist.strings in Resources */ = {isa = PBXBuildFile; fileRef = DCDD8C1018607CC70071FCDA /* InfoPlist.strings */; };
		DCDD8C1418607CC70071FCDA /* main.m in Sources */ = {isa = PBXBuildFile; fileRef = DCDD8C1318607CC70071FCDA /* main.m */; };
		DCDD8C1818607CC70071FCDA /* AppDelegate.m in Sources */ = {isa = PBXBuildFile; fileRef = DCDD8C1718607CC70071FCDA /* AppDelegate.m */; };
		DCDD8C1B18607CC70071FCDA /* Main_iPhone.storyboard in Resources */ = {isa = PBXBuildFile; fileRef = DCDD8C1918607CC70071FCDA /* Main_iPhone.storyboard */; };
		DCDD8C1E18607CC70071FCDA /* Main_iPad.storyboard in Resources */ = {isa = PBXBuildFile; fileRef = DCDD8C1C18607CC70071FCDA /* Main_iPad.storyboard */; };
		DCDD8C2118607CC70071FCDA /* ViewController.m in Sources */ = {isa = PBXBuildFile; fileRef = DCDD8C2018607CC70071FCDA /* ViewController.m */; };
		DCDD8C2318607CC70071FCDA /* Images.xcassets in Resources */ = {isa = PBXBuildFile; fileRef = DCDD8C2218607CC70071FCDA /* Images.xcassets */; };
		DCDD8C2B18607CC80071FCDA /* Foundation.framework in Frameworks */ = {isa = PBXBuildFile; fileRef = DCDD8C0718607CC70071FCDA /* Foundation.framework */; };
		DCDD8C2C18607CC80071FCDA /* UIKit.framework in Frameworks */ = {isa = PBXBuildFile; fileRef = DCDD8C0B18607CC70071FCDA /* UIKit.framework */; };
		DCDD8C4218607F540071FCDA /* UIViewController+FTSender.m in Sources */ = {isa = PBXBuildFile; fileRef = DCDD8C4118607F540071FCDA /* UIViewController+FTSender.m */; };
/* End PBXBuildFile section */

/* Begin PBXContainerItemProxy section */
		DCDD8C2D18607CC80071FCDA /* PBXContainerItemProxy */ = {
			isa = PBXContainerItemProxy;
			containerPortal = DCDD8BFC18607CC70071FCDA /* Project object */;
			proxyType = 1;
			remoteGlobalIDString = DCDD8C0318607CC70071FCDA;
			remoteInfo = SenderPlugin;
		};
/* End PBXContainerItemProxy section */

/* Begin PBXFileReference section */
		DCDD8C0418607CC70071FCDA /* SenderPlugin.app */ = {isa = PBXFileReference; explicitFileType = wrapper.application; includeInIndex = 0; path = SenderPlugin.app; sourceTree = BUILT_PRODUCTS_DIR; };
		DCDD8C0718607CC70071FCDA /* Foundation.framework */ = {isa = PBXFileReference; lastKnownFileType = wrapper.framework; name = Foundation.framework; path = System/Library/Frameworks/Foundation.framework; sourceTree = SDKROOT; };
		DCDD8C0918607CC70071FCDA /* CoreGraphics.framework */ = {isa = PBXFileReference; lastKnownFileType = wrapper.framework; name = CoreGraphics.framework; path = System/Library/Frameworks/CoreGraphics.framework; sourceTree = SDKROOT; };
		DCDD8C0B18607CC70071FCDA /* UIKit.framework */ = {isa = PBXFileReference; lastKnownFileType = wrapper.framework; name = UIKit.framework; path = System/Library/Frameworks/UIKit.framework; sourceTree = SDKROOT; };
		DCDD8C0F18607CC70071FCDA /* SenderPlugin-Info.plist */ = {isa = PBXFileReference; lastKnownFileType = text.plist.xml; path = "SenderPlugin-Info.plist"; sourceTree = "<group>"; };
		DCDD8C1118607CC70071FCDA /* en */ = {isa = PBXFileReference; lastKnownFileType = text.plist.strings; name = en; path = en.lproj/InfoPlist.strings; sourceTree = "<group>"; };
		DCDD8C1318607CC70071FCDA /* main.m */ = {isa = PBXFileReference; lastKnownFileType = sourcecode.c.objc; path = main.m; sourceTree = "<group>"; };
		DCDD8C1518607CC70071FCDA /* SenderPlugin-Prefix.pch */ = {isa = PBXFileReference; lastKnownFileType = sourcecode.c.h; path = "SenderPlugin-Prefix.pch"; sourceTree = "<group>"; };
		DCDD8C1618607CC70071FCDA /* AppDelegate.h */ = {isa = PBXFileReference; lastKnownFileType = sourcecode.c.h; path = AppDelegate.h; sourceTree = "<group>"; };
		DCDD8C1718607CC70071FCDA /* AppDelegate.m */ = {isa = PBXFileReference; lastKnownFileType = sourcecode.c.objc; path = AppDelegate.m; sourceTree = "<group>"; };
		DCDD8C1A18607CC70071FCDA /* Base */ = {isa = PBXFileReference; lastKnownFileType = file.storyboard; name = Base; path = Base.lproj/Main_iPhone.storyboard; sourceTree = "<group>"; };
		DCDD8C1D18607CC70071FCDA /* Base */ = {isa = PBXFileReference; lastKnownFileType = file.storyboard; name = Base; path = Base.lproj/Main_iPad.storyboard; sourceTree = "<group>"; };
		DCDD8C1F18607CC70071FCDA /* ViewController.h */ = {isa = PBXFileReference; lastKnownFileType = sourcecode.c.h; path = ViewController.h; sourceTree = "<group>"; };
		DCDD8C2018607CC70071FCDA /* ViewController.m */ = {isa = PBXFileReference; lastKnownFileType = sourcecode.c.objc; path = ViewController.m; sourceTree = "<group>"; };
		DCDD8C2218607CC70071FCDA /* Images.xcassets */ = {isa = PBXFileReference; lastKnownFileType = folder.assetcatalog; path = Images.xcassets; sourceTree = "<group>"; };
		DCDD8C2818607CC80071FCDA /* SenderPluginTests.xctest */ = {isa = PBXFileReference; explicitFileType = wrapper.cfbundle; includeInIndex = 0; path = SenderPluginTests.xctest; sourceTree = BUILT_PRODUCTS_DIR; };
		DCDD8C4018607F540071FCDA /* UIViewController+FTSender.h */ = {isa = PBXFileReference; fileEncoding = 4; lastKnownFileType = sourcecode.c.h; path = "UIViewController+FTSender.h"; sourceTree = "<group>"; };
		DCDD8C4118607F540071FCDA /* UIViewController+FTSender.m */ = {isa = PBXFileReference; fileEncoding = 4; lastKnownFileType = sourcecode.c.objc; path = "UIViewController+FTSender.m"; sourceTree = "<group>"; };
/* End PBXFileReference section */

/* Begin PBXFrameworksBuildPhase section */
		DCDD8C0118607CC70071FCDA /* Frameworks */ = {
			isa = PBXFrameworksBuildPhase;
			buildActionMask = 2147483647;
			files = (
				DCDD8C0A18607CC70071FCDA /* CoreGraphics.framework in Frameworks */,
				DCDD8C0C18607CC70071FCDA /* UIKit.framework in Frameworks */,
				DCDD8C0818607CC70071FCDA /* Foundation.framework in Frameworks */,
			);
			runOnlyForDeploymentPostprocessing = 0;
		};
		DCDD8C2518607CC80071FCDA /* Frameworks */ = {
			isa = PBXFrameworksBuildPhase;
			buildActionMask = 2147483647;
			files = (
				DCDD8C2C18607CC80071FCDA /* UIKit.framework in Frameworks */,
				DCDD8C2B18607CC80071FCDA /* Foundation.framework in Frameworks */,
			);
			runOnlyForDeploymentPostprocessing = 0;
		};
/* End PBXFrameworksBuildPhase section */

/* Begin PBXGroup section */
		DCDD8BFB18607CC70071FCDA = {
			isa = PBXGroup;
			children = (
				DCDD8C0D18607CC70071FCDA /* SenderPlugin */,
				DCDD8C0618607CC70071FCDA /* Frameworks */,
				DCDD8C0518607CC70071FCDA /* Products */,
			);
			sourceTree = "<group>";
		};
		DCDD8C0518607CC70071FCDA /* Products */ = {
			isa = PBXGroup;
			children = (
				DCDD8C0418607CC70071FCDA /* SenderPlugin.app */,
				DCDD8C2818607CC80071FCDA /* SenderPluginTests.xctest */,
			);
			name = Products;
			sourceTree = "<group>";
		};
		DCDD8C0618607CC70071FCDA /* Frameworks */ = {
			isa = PBXGroup;
			children = (
				DCDD8C0718607CC70071FCDA /* Foundation.framework */,
				DCDD8C0918607CC70071FCDA /* CoreGraphics.framework */,
				DCDD8C0B18607CC70071FCDA /* UIKit.framework */,
			);
			name = Frameworks;
			sourceTree = "<group>";
		};
		DCDD8C0D18607CC70071FCDA /* SenderPlugin */ = {
			isa = PBXGroup;
			children = (
				DCDD8C3F18607F450071FCDA /* FTSenderPlugin */,
				DCDD8C1618607CC70071FCDA /* AppDelegate.h */,
				DCDD8C1718607CC70071FCDA /* AppDelegate.m */,
				DCDD8C1F18607CC70071FCDA /* ViewController.h */,
				DCDD8C2018607CC70071FCDA /* ViewController.m */,
				DCDD8C2218607CC70071FCDA /* Images.xcassets */,
				DCDD8C1918607CC70071FCDA /* Main_iPhone.storyboard */,
				DCDD8C1C18607CC70071FCDA /* Main_iPad.storyboard */,
				DCDD8C0E18607CC70071FCDA /* Supporting Files */,
			);
			path = SenderPlugin;
			sourceTree = "<group>";
		};
		DCDD8C0E18607CC70071FCDA /* Supporting Files */ = {
			isa = PBXGroup;
			children = (
				DCDD8C0F18607CC70071FCDA /* SenderPlugin-Info.plist */,
				DCDD8C1018607CC70071FCDA /* InfoPlist.strings */,
				DCDD8C1318607CC70071FCDA /* main.m */,
				DCDD8C1518607CC70071FCDA /* SenderPlugin-Prefix.pch */,
			);
			name = "Supporting Files";
			sourceTree = "<group>";
		};
		DCDD8C3F18607F450071FCDA /* FTSenderPlugin */ = {
			isa = PBXGroup;
			children = (
				DCDD8C4018607F540071FCDA /* UIViewController+FTSender.h */,
				DCDD8C4118607F540071FCDA /* UIViewController+FTSender.m */,
			);
			path = FTSenderPlugin;
			sourceTree = "<group>";
		};
/* End PBXGroup section */

/* Begin PBXNativeTarget section */
		DCDD8C0318607CC70071FCDA /* SenderPlugin */ = {
			isa = PBXNativeTarget;
			buildConfigurationList = DCDD8C3918607CC80071FCDA /* Build configuration list for PBXNativeTarget "SenderPlugin" */;
			buildPhases = (
				DCDD8C0018607CC70071FCDA /* Sources */,
				DCDD8C0118607CC70071FCDA /* Frameworks */,
				DCDD8C0218607CC70071FCDA /* Resources */,
			);
			buildRules = (
			);
			dependencies = (
			);
			name = SenderPlugin;
			productName = SenderPlugin;
			productReference = DCDD8C0418607CC70071FCDA /* SenderPlugin.app */;
			productType = "com.apple.product-type.application";
		};
		DCDD8C2718607CC80071FCDA /* SenderPluginTests */ = {
			isa = PBXNativeTarget;
			buildConfigurationList = DCDD8C3C18607CC80071FCDA /* Build configuration list for PBXNativeTarget "SenderPluginTests" */;
			buildPhases = (
				DCDD8C2418607CC80071FCDA /* Sources */,
				DCDD8C2518607CC80071FCDA /* Frameworks */,
				DCDD8C2618607CC80071FCDA /* Resources */,
			);
			buildRules = (
			);
			dependencies = (
				DCDD8C2E18607CC80071FCDA /* PBXTargetDependency */,
			);
			name = SenderPluginTests;
			productName = SenderPluginTests;
			productReference = DCDD8C2818607CC80071FCDA /* SenderPluginTests.xctest */;
			productType = "com.apple.product-type.bundle.unit-test";
		};
/* End PBXNativeTarget section */

/* Begin PBXProject section */
		DCDD8BFC18607CC70071FCDA /* Project object */ = {
			isa = PBXProject;
			attributes = {
				LastUpgradeCheck = 0500;
				ORGANIZATIONNAME = "Filip Trönnberg";
				TargetAttributes = {
					DCDD8C2718607CC80071FCDA = {
						TestTargetID = DCDD8C0318607CC70071FCDA;
					};
				};
			};
			buildConfigurationList = DCDD8BFF18607CC70071FCDA /* Build configuration list for PBXProject "SenderPlugin" */;
			compatibilityVersion = "Xcode 3.2";
			developmentRegion = English;
			hasScannedForEncodings = 0;
			knownRegions = (
				en,
				Base,
			);
			mainGroup = DCDD8BFB18607CC70071FCDA;
			productRefGroup = DCDD8C0518607CC70071FCDA /* Products */;
			projectDirPath = "";
			projectRoot = "";
			targets = (
				DCDD8C0318607CC70071FCDA /* SenderPlugin */,
				DCDD8C2718607CC80071FCDA /* SenderPluginTests */,
			);
		};
/* End PBXProject section */

/* Begin PBXResourcesBuildPhase section */
		DCDD8C0218607CC70071FCDA /* Resources */ = {
			isa = PBXResourcesBuildPhase;
			buildActionMask = 2147483647;
			files = (
				DCDD8C1E18607CC70071FCDA /* Main_iPad.storyboard in Resources */,
				DCDD8C2318607CC70071FCDA /* Images.xcassets in Resources */,
				DCDD8C1B18607CC70071FCDA /* Main_iPhone.storyboard in Resources */,
				DCDD8C1218607CC70071FCDA /* InfoPlist.strings in Resources */,
			);
			runOnlyForDeploymentPostprocessing = 0;
		};
		DCDD8C2618607CC80071FCDA /* Resources */ = {
			isa = PBXResourcesBuildPhase;
			buildActionMask = 2147483647;
			files = (
			);
			runOnlyForDeploymentPostprocessing = 0;
		};
/* End PBXResourcesBuildPhase section */

/* Begin PBXSourcesBuildPhase section */
		DCDD8C0018607CC70071FCDA /* Sources */ = {
			isa = PBXSourcesBuildPhase;
			buildActionMask = 2147483647;
			files = (
				DCDD8C2118607CC70071FCDA /* ViewController.m in Sources */,
				DCDD8C4218607F540071FCDA /* UIViewController+FTSender.m in Sources */,
				DCDD8C1818607CC70071FCDA /* AppDelegate.m in Sources */,
				DCDD8C1418607CC70071FCDA /* main.m in Sources */,
			);
			runOnlyForDeploymentPostprocessing = 0;
		};
		DCDD8C2418607CC80071FCDA /* Sources */ = {
			isa = PBXSourcesBuildPhase;
			buildActionMask = 2147483647;
			files = (
			);
			runOnlyForDeploymentPostprocessing = 0;
		};
/* End PBXSourcesBuildPhase section */

/* Begin PBXTargetDependency section */
		DCDD8C2E18607CC80071FCDA /* PBXTargetDependency */ = {
			isa = PBXTargetDependency;
			target = DCDD8C0318607CC70071FCDA /* SenderPlugin */;
			targetProxy = DCDD8C2D18607CC80071FCDA /* PBXContainerItemProxy */;
		};
/* End PBXTargetDependency section */

/* Begin PBXVariantGroup section */
		DCDD8C1018607CC70071FCDA /* InfoPlist.strings */ = {
			isa = PBXVariantGroup;
			children = (
				DCDD8C1118607CC70071FCDA /* en */,
			);
			name = InfoPlist.strings;
			sourceTree = "<group>";
		};
		DCDD8C1918607CC70071FCDA /* Main_iPhone.storyboard */ = {
			isa = PBXVariantGroup;
			children = (
				DCDD8C1A18607CC70071FCDA /* Base */,
			);
			name = Main_iPhone.storyboard;
			sourceTree = "<group>";
		};
		DCDD8C1C18607CC70071FCDA /* Main_iPad.storyboard */ = {
			isa = PBXVariantGroup;
			children = (
				DCDD8C1D18607CC70071FCDA /* Base */,
			);
			name = Main_iPad.storyboard;
			sourceTree = "<group>";
		};
/* End PBXVariantGroup section */

/* Begin XCBuildConfiguration section */
		DCDD8C3718607CC80071FCDA /* Debug */ = {
			isa = XCBuildConfiguration;
			buildSettings = {
				ALWAYS_SEARCH_USER_PATHS = NO;
				ARCHS = "$(ARCHS_STANDARD_INCLUDING_64_BIT)";
				CLANG_CXX_LANGUAGE_STANDARD = "gnu++0x";
				CLANG_CXX_LIBRARY = "libc++";
				CLANG_ENABLE_MODULES = YES;
				CLANG_ENABLE_OBJC_ARC = YES;
				CLANG_WARN_BOOL_CONVERSION = YES;
				CLANG_WARN_CONSTANT_CONVERSION = YES;
				CLANG_WARN_DIRECT_OBJC_ISA_USAGE = YES_ERROR;
				CLANG_WARN_EMPTY_BODY = YES;
				CLANG_WARN_ENUM_CONVERSION = YES;
				CLANG_WARN_INT_CONVERSION = YES;
				CLANG_WARN_OBJC_ROOT_CLASS = YES_ERROR;
				CLANG_WARN__DUPLICATE_METHOD_MATCH = YES;
				"CODE_SIGN_IDENTITY[sdk=iphoneos*]" = "iPhone Developer";
				COPY_PHASE_STRIP = NO;
				GCC_C_LANGUAGE_STANDARD = gnu99;
				GCC_DYNAMIC_NO_PIC = NO;
				GCC_OPTIMIZATION_LEVEL = 0;
				GCC_PREPROCESSOR_DEFINITIONS = (
					"DEBUG=1",
					"$(inherited)",
				);
				GCC_SYMBOLS_PRIVATE_EXTERN = NO;
				GCC_WARN_64_TO_32_BIT_CONVERSION = YES;
				GCC_WARN_ABOUT_RETURN_TYPE = YES_ERROR;
				GCC_WARN_UNDECLARED_SELECTOR = YES;
				GCC_WARN_UNINITIALIZED_AUTOS = YES;
				GCC_WARN_UNUSED_FUNCTION = YES;
				GCC_WARN_UNUSED_VARIABLE = YES;
				IPHONEOS_DEPLOYMENT_TARGET = 7.0;
				ONLY_ACTIVE_ARCH = YES;
				SDKROOT = iphoneos;
				TARGETED_DEVICE_FAMILY = "1,2";
			};
			name = Debug;
		};
		DCDD8C3818607CC80071FCDA /* Release */ = {
			isa = XCBuildConfiguration;
			buildSettings = {
				ALWAYS_SEARCH_USER_PATHS = NO;
				ARCHS = "$(ARCHS_STANDARD_INCLUDING_64_BIT)";
				CLANG_CXX_LANGUAGE_STANDARD = "gnu++0x";
				CLANG_CXX_LIBRARY = "libc++";
				CLANG_ENABLE_MODULES = YES;
				CLANG_ENABLE_OBJC_ARC = YES;
				CLANG_WARN_BOOL_CONVERSION = YES;
				CLANG_WARN_CONSTANT_CONVERSION = YES;
				CLANG_WARN_DIRECT_OBJC_ISA_USAGE = YES_ERROR;
				CLANG_WARN_EMPTY_BODY = YES;
				CLANG_WARN_ENUM_CONVERSION = YES;
				CLANG_WARN_INT_CONVERSION = YES;
				CLANG_WARN_OBJC_ROOT_CLASS = YES_ERROR;
				CLANG_WARN__DUPLICATE_METHOD_MATCH = YES;
				"CODE_SIGN_IDENTITY[sdk=iphoneos*]" = "iPhone Developer";
				COPY_PHASE_STRIP = YES;
				ENABLE_NS_ASSERTIONS = NO;
				GCC_C_LANGUAGE_STANDARD = gnu99;
				GCC_WARN_64_TO_32_BIT_CONVERSION = YES;
				GCC_WARN_ABOUT_RETURN_TYPE = YES_ERROR;
				GCC_WARN_UNDECLARED_SELECTOR = YES;
				GCC_WARN_UNINITIALIZED_AUTOS = YES;
				GCC_WARN_UNUSED_FUNCTION = YES;
				GCC_WARN_UNUSED_VARIABLE = YES;
				IPHONEOS_DEPLOYMENT_TARGET = 7.0;
				SDKROOT = iphoneos;
				TARGETED_DEVICE_FAMILY = "1,2";
				VALIDATE_PRODUCT = YES;
			};
			name = Release;
		};
		DCDD8C3A18607CC80071FCDA /* Debug */ = {
			isa = XCBuildConfiguration;
			buildSettings = {
				ASSETCATALOG_COMPILER_APPICON_NAME = AppIcon;
				ASSETCATALOG_COMPILER_LAUNCHIMAGE_NAME = LaunchImage;
				CODE_SIGN_IDENTITY = "iPhone Developer";
				GCC_PRECOMPILE_PREFIX_HEADER = YES;
				GCC_PREFIX_HEADER = "SenderPlugin/SenderPlugin-Prefix.pch";
				INFOPLIST_FILE = "SenderPlugin/SenderPlugin-Info.plist";
				IPHONEOS_DEPLOYMENT_TARGET = 7.0;
				PRODUCT_NAME = "$(TARGET_NAME)";
				WRAPPER_EXTENSION = app;
			};
			name = Debug;
		};
		DCDD8C3B18607CC80071FCDA /* Release */ = {
			isa = XCBuildConfiguration;
			buildSettings = {
				ASSETCATALOG_COMPILER_APPICON_NAME = AppIcon;
				ASSETCATALOG_COMPILER_LAUNCHIMAGE_NAME = LaunchImage;
				CODE_SIGN_IDENTITY = "iPhone Developer";
				GCC_PRECOMPILE_PREFIX_HEADER = YES;
				GCC_PREFIX_HEADER = "SenderPlugin/SenderPlugin-Prefix.pch";
				INFOPLIST_FILE = "SenderPlugin/SenderPlugin-Info.plist";
				IPHONEOS_DEPLOYMENT_TARGET = 7.0;
				PRODUCT_NAME = "$(TARGET_NAME)";
				WRAPPER_EXTENSION = app;
			};
			name = Release;
		};
		DCDD8C3D18607CC80071FCDA /* Debug */ = {
			isa = XCBuildConfiguration;
			buildSettings = {
				ARCHS = "$(ARCHS_STANDARD_INCLUDING_64_BIT)";
				BUNDLE_LOADER = "$(BUILT_PRODUCTS_DIR)/SenderPlugin.app/SenderPlugin";
				FRAMEWORK_SEARCH_PATHS = (
					"$(SDKROOT)/Developer/Library/Frameworks",
					"$(inherited)",
					"$(DEVELOPER_FRAMEWORKS_DIR)",
				);
				GCC_PRECOMPILE_PREFIX_HEADER = YES;
				GCC_PREFIX_HEADER = "SenderPlugin/SenderPlugin-Prefix.pch";
				GCC_PREPROCESSOR_DEFINITIONS = (
					"DEBUG=1",
					"$(inherited)",
				);
				INFOPLIST_FILE = "SenderPluginTests/SenderPluginTests-Info.plist";
				PRODUCT_NAME = "$(TARGET_NAME)";
				TEST_HOST = "$(BUNDLE_LOADER)";
				WRAPPER_EXTENSION = xctest;
			};
			name = Debug;
		};
		DCDD8C3E18607CC80071FCDA /* Release */ = {
			isa = XCBuildConfiguration;
			buildSettings = {
				ARCHS = "$(ARCHS_STANDARD_INCLUDING_64_BIT)";
				BUNDLE_LOADER = "$(BUILT_PRODUCTS_DIR)/SenderPlugin.app/SenderPlugin";
				FRAMEWORK_SEARCH_PATHS = (
					"$(SDKROOT)/Developer/Library/Frameworks",
					"$(inherited)",
					"$(DEVELOPER_FRAMEWORKS_DIR)",
				);
				GCC_PRECOMPILE_PREFIX_HEADER = YES;
				GCC_PREFIX_HEADER = "SenderPlugin/SenderPlugin-Prefix.pch";
				INFOPLIST_FILE = "SenderPluginTests/SenderPluginTests-Info.plist";
				PRODUCT_NAME = "$(TARGET_NAME)";
				TEST_HOST = "$(BUNDLE_LOADER)";
				WRAPPER_EXTENSION = xctest;
			};
			name = Release;
		};
/* End XCBuildConfiguration section */

/* Begin XCConfigurationList section */
		DCDD8BFF18607CC70071FCDA /* Build configuration list for PBXProject "SenderPlugin" */ = {
			isa = XCConfigurationList;
			buildConfigurations = (
				DCDD8C3718607CC80071FCDA /* Debug */,
				DCDD8C3818607CC80071FCDA /* Release */,
			);
			defaultConfigurationIsVisible = 0;
			defaultConfigurationName = Release;
		};
		DCDD8C3918607CC80071FCDA /* Build configuration list for PBXNativeTarget "SenderPlugin" */ = {
			isa = XCConfigurationList;
			buildConfigurations = (
				DCDD8C3A18607CC80071FCDA /* Debug */,
				DCDD8C3B18607CC80071FCDA /* Release */,
			);
			defaultConfigurationIsVisible = 0;
			defaultConfigurationName = Release;
		};
		DCDD8C3C18607CC80071FCDA /* Build configuration list for PBXNativeTarget "SenderPluginTests" */ = {
			isa = XCConfigurationList;
			buildConfigurations = (
				DCDD8C3D18607CC80071FCDA /* Debug */,
				DCDD8C3E18607CC80071FCDA /* Release */,
			);
			defaultConfigurationIsVisible = 0;
			defaultConfigurationName = Release;
		};
/* End XCConfigurationList section */
	};
	rootObject = DCDD8BFC18607CC70071FCDA /* Project object */;
}
